{
  "name": "hyarcade-requests",
  "version": "1.0.0",
  "lockfileVersion": 2,
  "requires": true,
  "packages": {
    "": {
      "name": "hyarcade-requests",
      "version": "1.0.0",
      "license": "MPL-2.0",
      "dependencies": {
        "hyarcade-logger": "github:eatmyvenom/hyarcade-logger"
      }
    },
    "node_modules/hyarcade-logger": {
      "version": "1.0.0",
      "resolved": "git+ssh://git@github.com/eatmyvenom/hyarcade-logger.git#48e9949e2c1d60e90c6fcb0af4ac73f10a49182b",
      "license": "MPL-2.0"
    }
  },
  "dependencies": {
    "hyarcade-logger": {
      "version": "git+ssh://git@github.com/eatmyvenom/hyarcade-logger.git#48e9949e2c1d60e90c6fcb0af4ac73f10a49182b",
      "from": "hyarcade-logger@github:eatmyvenom/hyarcade-logger"
    }
  }
}
